// !$*UTF8*$!
{
	archiveVersion = 1;
	classes = {
	};
	objectVersion = 46;
	objects = {

/* Begin PBXBuildFile section */
		B52747A31CC1CE75007F423B /* VideoView.m in Sources */ = {isa = PBXBuildFile; fileRef = B52747A21CC1CE75007F423B /* VideoView.m */; };
		B52747A71CC32304007F423B /* BottonCell.m in Sources */ = {isa = PBXBuildFile; fileRef = B52747A61CC32304007F423B /* BottonCell.m */; };
		B52747A91CC34B94007F423B /* MediaPlayer.framework in Frameworks */ = {isa = PBXBuildFile; fileRef = B52747A81CC34B94007F423B /* MediaPlayer.framework */; };
		B52747AC1CC35292007F423B /* KRVideoPlayerController.m in Sources */ = {isa = PBXBuildFile; fileRef = B52747AB1CC35292007F423B /* KRVideoPlayerController.m */; };
		B52747AF1CC3551A007F423B /* KRVideoPlayerControlView.m in Sources */ = {isa = PBXBuildFile; fileRef = B52747AE1CC3551A007F423B /* KRVideoPlayerControlView.m */; };
		B57BEC371CBC86420043358F /* MyAlertView.m in Sources */ = {isa = PBXBuildFile; fileRef = B57BEC361CBC86420043358F /* MyAlertView.m */; };
		B57BEC391CBC8A9C0043358F /* contimage.png in Resources */ = {isa = PBXBuildFile; fileRef = B57BEC381CBC8A9C0043358F /* contimage.png */; };
		B57BEC3B1CBC8AA30043358F /* backimage.png in Resources */ = {isa = PBXBuildFile; fileRef = B57BEC3A1CBC8AA30043358F /* backimage.png */; };
		B57BEC431CBCF1F40043358F /* RecommendViewController.m in Sources */ = {isa = PBXBuildFile; fileRef = B57BEC421CBCF1F40043358F /* RecommendViewController.m */; };
		B57BEC461CBCF2620043358F /* VideoViewController.m in Sources */ = {isa = PBXBuildFile; fileRef = B57BEC451CBCF2620043358F /* VideoViewController.m */; };
		B57BEC491CBCF3110043358F /* PicViewController.m in Sources */ = {isa = PBXBuildFile; fileRef = B57BEC481CBCF3110043358F /* PicViewController.m */; };
		B57BEC4C1CBCF3340043358F /* VoiceViewController.m in Sources */ = {isa = PBXBuildFile; fileRef = B57BEC4B1CBCF3340043358F /* VoiceViewController.m */; };
		B57BEC4F1CBCF3930043358F /* TalkViewController.m in Sources */ = {isa = PBXBuildFile; fileRef = B57BEC4E1CBCF3930043358F /* TalkViewController.m */; };
		B57BEC531CBE2EC40043358F /* TopViewCell.m in Sources */ = {isa = PBXBuildFile; fileRef = B57BEC521CBE2EC40043358F /* TopViewCell.m */; };
		B57BEC591CBE370B0043358F /* TopModel.m in Sources */ = {isa = PBXBuildFile; fileRef = B57BEC581CBE370B0043358F /* TopModel.m */; };
		B57BEC5C1CBE384E0043358F /* XFCommentModel.m in Sources */ = {isa = PBXBuildFile; fileRef = B57BEC5B1CBE384E0043358F /* XFCommentModel.m */; };
		B57BEC5F1CBE392F0043358F /* XFUserModel.m in Sources */ = {isa = PBXBuildFile; fileRef = B57BEC5E1CBE392F0043358F /* XFUserModel.m */; };
		B57BEC631CBE3A1B0043358F /* HttpTool.m in Sources */ = {isa = PBXBuildFile; fileRef = B57BEC621CBE3A1B0043358F /* HttpTool.m */; };
		B57BEC661CBE3E700043358F /* recomTool.m in Sources */ = {isa = PBXBuildFile; fileRef = B57BEC651CBE3E700043358F /* recomTool.m */; };
		B57BEC691CBE4DBC0043358F /* TopFrame.m in Sources */ = {isa = PBXBuildFile; fileRef = B57BEC681CBE4DBC0043358F /* TopFrame.m */; };
		B5A3DD971CB2724E006FD7D6 /* main.m in Sources */ = {isa = PBXBuildFile; fileRef = B5A3DD961CB2724E006FD7D6 /* main.m */; };
		B5A3DD9A1CB2724E006FD7D6 /* AppDelegate.m in Sources */ = {isa = PBXBuildFile; fileRef = B5A3DD991CB2724E006FD7D6 /* AppDelegate.m */; };
		B5A3DD9D1CB2724E006FD7D6 /* ViewController.m in Sources */ = {isa = PBXBuildFile; fileRef = B5A3DD9C1CB2724E006FD7D6 /* ViewController.m */; };
		B5A3DDA21CB2724E006FD7D6 /* Assets.xcassets in Resources */ = {isa = PBXBuildFile; fileRef = B5A3DDA11CB2724E006FD7D6 /* Assets.xcassets */; };
		B5A3DDB01CB2724E006FD7D6 /* LCZ_AnimationProjectTests.m in Sources */ = {isa = PBXBuildFile; fileRef = B5A3DDAF1CB2724E006FD7D6 /* LCZ_AnimationProjectTests.m */; };
		B5A3DDBB1CB2724E006FD7D6 /* LCZ_AnimationProjectUITests.m in Sources */ = {isa = PBXBuildFile; fileRef = B5A3DDBA1CB2724E006FD7D6 /* LCZ_AnimationProjectUITests.m */; };
		B5A3DDCD1CB273B6006FD7D6 /* LCZTabBarController.m in Sources */ = {isa = PBXBuildFile; fileRef = B5A3DDCC1CB273B6006FD7D6 /* LCZTabBarController.m */; };
		B5A3DDD01CB275C2006FD7D6 /* LCZNavigationController.m in Sources */ = {isa = PBXBuildFile; fileRef = B5A3DDCF1CB275C2006FD7D6 /* LCZNavigationController.m */; };
		B5A3DDD71CB2780C006FD7D6 /* LCZMeViewController.m in Sources */ = {isa = PBXBuildFile; fileRef = B5A3DDD61CB2780C006FD7D6 /* LCZMeViewController.m */; };
		B5A3DDDA1CB2784C006FD7D6 /* LCZAttentionViewController.m in Sources */ = {isa = PBXBuildFile; fileRef = B5A3DDD91CB2784C006FD7D6 /* LCZAttentionViewController.m */; };
		B5A3DDDD1CB27867006FD7D6 /* LCZNewViewController.m in Sources */ = {isa = PBXBuildFile; fileRef = B5A3DDDC1CB27867006FD7D6 /* LCZNewViewController.m */; };
		B5A3DDE11CB2789A006FD7D6 /* LCZEssenceViewController.m in Sources */ = {isa = PBXBuildFile; fileRef = B5A3DDE01CB2789A006FD7D6 /* LCZEssenceViewController.m */; };
		B5A3DDE61CB28539006FD7D6 /* LCZTabBar.m in Sources */ = {isa = PBXBuildFile; fileRef = B5A3DDE51CB28539006FD7D6 /* LCZTabBar.m */; };
		B5A3DDEA1CB29F43006FD7D6 /* UIView+Extension.m in Sources */ = {isa = PBXBuildFile; fileRef = B5A3DDE91CB29F43006FD7D6 /* UIView+Extension.m */; };
		B5A3DDED1CB2B74F006FD7D6 /* LCZPublicView.m in Sources */ = {isa = PBXBuildFile; fileRef = B5A3DDEC1CB2B74F006FD7D6 /* LCZPublicView.m */; };
		B5A3DDF01CB2B7EB006FD7D6 /* MyButton.m in Sources */ = {isa = PBXBuildFile; fileRef = B5A3DDEF1CB2B7EB006FD7D6 /* MyButton.m */; };
		B5CCC57A1CC8750C00633F90 /* LogViewController.m in Sources */ = {isa = PBXBuildFile; fileRef = B5CCC5791CC8750C00633F90 /* LogViewController.m */; };
		B5CCC57D1CC8767D00633F90 /* LogView.m in Sources */ = {isa = PBXBuildFile; fileRef = B5CCC57C1CC8767D00633F90 /* LogView.m */; };
		B5CCC5831CC9C2C800633F90 /* ShareButton.m in Sources */ = {isa = PBXBuildFile; fileRef = B5CCC5821CC9C2C800633F90 /* ShareButton.m */; };
		B5F4B5801CB38B0A00BE7183 /* AVFoundation.framework in Frameworks */ = {isa = PBXBuildFile; fileRef = B5F4B57F1CB38B0A00BE7183 /* AVFoundation.framework */; };
		B5F4B5871CBA0EFB00BE7183 /* AddtreaViewController.m in Sources */ = {isa = PBXBuildFile; fileRef = B5F4B5861CBA0EFB00BE7183 /* AddtreaViewController.m */; };
		B5F4B58A1CBA0F1900BE7183 /* AddTreaView.m in Sources */ = {isa = PBXBuildFile; fileRef = B5F4B5891CBA0F1900BE7183 /* AddTreaView.m */; };
		D060076790BC88F39E0533F2 /* Pods_LCZ_AnimationProject.framework in Frameworks */ = {isa = PBXBuildFile; fileRef = 654B270ED977751E5EF22C3A /* Pods_LCZ_AnimationProject.framework */; };
/* End PBXBuildFile section */

/* Begin PBXContainerItemProxy section */
		B5A3DDAC1CB2724E006FD7D6 /* PBXContainerItemProxy */ = {
			isa = PBXContainerItemProxy;
			containerPortal = B5A3DD8A1CB2724E006FD7D6 /* Project object */;
			proxyType = 1;
			remoteGlobalIDString = B5A3DD911CB2724E006FD7D6;
			remoteInfo = LCZ_AnimationProject;
		};
		B5A3DDB71CB2724E006FD7D6 /* PBXContainerItemProxy */ = {
			isa = PBXContainerItemProxy;
			containerPortal = B5A3DD8A1CB2724E006FD7D6 /* Project object */;
			proxyType = 1;
			remoteGlobalIDString = B5A3DD911CB2724E006FD7D6;
			remoteInfo = LCZ_AnimationProject;
		};
/* End PBXContainerItemProxy section */

/* Begin PBXFileReference section */
		654B270ED977751E5EF22C3A /* Pods_LCZ_AnimationProject.framework */ = {isa = PBXFileReference; explicitFileType = wrapper.framework; includeInIndex = 0; path = Pods_LCZ_AnimationProject.framework; sourceTree = BUILT_PRODUCTS_DIR; };
		AAC054889792B04E458BD764 /* Pods-LCZ_AnimationProject.debug.xcconfig */ = {isa = PBXFileReference; includeInIndex = 1; lastKnownFileType = text.xcconfig; name = "Pods-LCZ_AnimationProject.debug.xcconfig"; path = "Pods/Target Support Files/Pods-LCZ_AnimationProject/Pods-LCZ_AnimationProject.debug.xcconfig"; sourceTree = "<group>"; };
		B52747A11CC1CE75007F423B /* VideoView.h */ = {isa = PBXFileReference; fileEncoding = 4; lastKnownFileType = sourcecode.c.h; name = VideoView.h; path = ../../View/VideoView.h; sourceTree = "<group>"; };
		B52747A21CC1CE75007F423B /* VideoView.m */ = {isa = PBXFileReference; fileEncoding = 4; lastKnownFileType = sourcecode.c.objc; name = VideoView.m; path = ../../View/VideoView.m; sourceTree = "<group>"; };
		B52747A51CC32304007F423B /* BottonCell.h */ = {isa = PBXFileReference; fileEncoding = 4; lastKnownFileType = sourcecode.c.h; path = BottonCell.h; sourceTree = "<group>"; };
		B52747A61CC32304007F423B /* BottonCell.m */ = {isa = PBXFileReference; fileEncoding = 4; lastKnownFileType = sourcecode.c.objc; path = BottonCell.m; sourceTree = "<group>"; };
		B52747A81CC34B94007F423B /* MediaPlayer.framework */ = {isa = PBXFileReference; lastKnownFileType = wrapper.framework; name = MediaPlayer.framework; path = System/Library/Frameworks/MediaPlayer.framework; sourceTree = SDKROOT; };
		B52747AA1CC35292007F423B /* KRVideoPlayerController.h */ = {isa = PBXFileReference; fileEncoding = 4; lastKnownFileType = sourcecode.c.h; path = KRVideoPlayerController.h; sourceTree = "<group>"; };
		B52747AB1CC35292007F423B /* KRVideoPlayerController.m */ = {isa = PBXFileReference; fileEncoding = 4; lastKnownFileType = sourcecode.c.objc; path = KRVideoPlayerController.m; sourceTree = "<group>"; };
		B52747AD1CC3551A007F423B /* KRVideoPlayerControlView.h */ = {isa = PBXFileReference; fileEncoding = 4; lastKnownFileType = sourcecode.c.h; path = KRVideoPlayerControlView.h; sourceTree = "<group>"; };
		B52747AE1CC3551A007F423B /* KRVideoPlayerControlView.m */ = {isa = PBXFileReference; fileEncoding = 4; lastKnownFileType = sourcecode.c.objc; path = KRVideoPlayerControlView.m; sourceTree = "<group>"; };
		B57BEC351CBC86420043358F /* MyAlertView.h */ = {isa = PBXFileReference; fileEncoding = 4; lastKnownFileType = sourcecode.c.h; path = MyAlertView.h; sourceTree = "<group>"; };
		B57BEC361CBC86420043358F /* MyAlertView.m */ = {isa = PBXFileReference; fileEncoding = 4; lastKnownFileType = sourcecode.c.objc; path = MyAlertView.m; sourceTree = "<group>"; };
		B57BEC381CBC8A9C0043358F /* contimage.png */ = {isa = PBXFileReference; lastKnownFileType = image.png; path = contimage.png; sourceTree = "<group>"; };
		B57BEC3A1CBC8AA30043358F /* backimage.png */ = {isa = PBXFileReference; lastKnownFileType = image.png; path = backimage.png; sourceTree = "<group>"; };
		B57BEC411CBCF1F40043358F /* RecommendViewController.h */ = {isa = PBXFileReference; fileEncoding = 4; lastKnownFileType = sourcecode.c.h; path = RecommendViewController.h; sourceTree = "<group>"; };
		B57BEC421CBCF1F40043358F /* RecommendViewController.m */ = {isa = PBXFileReference; fileEncoding = 4; lastKnownFileType = sourcecode.c.objc; path = RecommendViewController.m; sourceTree = "<group>"; };
		B57BEC441CBCF2620043358F /* VideoViewController.h */ = {isa = PBXFileReference; fileEncoding = 4; lastKnownFileType = sourcecode.c.h; path = VideoViewController.h; sourceTree = "<group>"; };
		B57BEC451CBCF2620043358F /* VideoViewController.m */ = {isa = PBXFileReference; fileEncoding = 4; lastKnownFileType = sourcecode.c.objc; path = VideoViewController.m; sourceTree = "<group>"; };
		B57BEC471CBCF3110043358F /* PicViewController.h */ = {isa = PBXFileReference; fileEncoding = 4; lastKnownFileType = sourcecode.c.h; path = PicViewController.h; sourceTree = "<group>"; };
		B57BEC481CBCF3110043358F /* PicViewController.m */ = {isa = PBXFileReference; fileEncoding = 4; lastKnownFileType = sourcecode.c.objc; path = PicViewController.m; sourceTree = "<group>"; };
		B57BEC4A1CBCF3340043358F /* VoiceViewController.h */ = {isa = PBXFileReference; fileEncoding = 4; lastKnownFileType = sourcecode.c.h; path = VoiceViewController.h; sourceTree = "<group>"; };
		B57BEC4B1CBCF3340043358F /* VoiceViewController.m */ = {isa = PBXFileReference; fileEncoding = 4; lastKnownFileType = sourcecode.c.objc; path = VoiceViewController.m; sourceTree = "<group>"; };
		B57BEC4D1CBCF3930043358F /* TalkViewController.h */ = {isa = PBXFileReference; fileEncoding = 4; lastKnownFileType = sourcecode.c.h; path = TalkViewController.h; sourceTree = "<group>"; };
		B57BEC4E1CBCF3930043358F /* TalkViewController.m */ = {isa = PBXFileReference; fileEncoding = 4; lastKnownFileType = sourcecode.c.objc; path = TalkViewController.m; sourceTree = "<group>"; };
		B57BEC511CBE2EC40043358F /* TopViewCell.h */ = {isa = PBXFileReference; fileEncoding = 4; lastKnownFileType = sourcecode.c.h; path = TopViewCell.h; sourceTree = "<group>"; };
		B57BEC521CBE2EC40043358F /* TopViewCell.m */ = {isa = PBXFileReference; fileEncoding = 4; lastKnownFileType = sourcecode.c.objc; path = TopViewCell.m; sourceTree = "<group>"; };
		B57BEC571CBE370B0043358F /* TopModel.h */ = {isa = PBXFileReference; fileEncoding = 4; lastKnownFileType = sourcecode.c.h; path = TopModel.h; sourceTree = "<group>"; };
		B57BEC581CBE370B0043358F /* TopModel.m */ = {isa = PBXFileReference; fileEncoding = 4; lastKnownFileType = sourcecode.c.objc; path = TopModel.m; sourceTree = "<group>"; };
		B57BEC5A1CBE384E0043358F /* XFCommentModel.h */ = {isa = PBXFileReference; fileEncoding = 4; lastKnownFileType = sourcecode.c.h; path = XFCommentModel.h; sourceTree = "<group>"; };
		B57BEC5B1CBE384E0043358F /* XFCommentModel.m */ = {isa = PBXFileReference; fileEncoding = 4; lastKnownFileType = sourcecode.c.objc; path = XFCommentModel.m; sourceTree = "<group>"; };
		B57BEC5D1CBE392F0043358F /* XFUserModel.h */ = {isa = PBXFileReference; fileEncoding = 4; lastKnownFileType = sourcecode.c.h; path = XFUserModel.h; sourceTree = "<group>"; };
		B57BEC5E1CBE392F0043358F /* XFUserModel.m */ = {isa = PBXFileReference; fileEncoding = 4; lastKnownFileType = sourcecode.c.objc; path = XFUserModel.m; sourceTree = "<group>"; };
		B57BEC611CBE3A1B0043358F /* HttpTool.h */ = {isa = PBXFileReference; fileEncoding = 4; lastKnownFileType = sourcecode.c.h; path = HttpTool.h; sourceTree = "<group>"; };
		B57BEC621CBE3A1B0043358F /* HttpTool.m */ = {isa = PBXFileReference; fileEncoding = 4; lastKnownFileType = sourcecode.c.objc; path = HttpTool.m; sourceTree = "<group>"; };
		B57BEC641CBE3E700043358F /* recomTool.h */ = {isa = PBXFileReference; fileEncoding = 4; lastKnownFileType = sourcecode.c.h; path = recomTool.h; sourceTree = "<group>"; };
		B57BEC651CBE3E700043358F /* recomTool.m */ = {isa = PBXFileReference; fileEncoding = 4; lastKnownFileType = sourcecode.c.objc; path = recomTool.m; sourceTree = "<group>"; };
		B57BEC671CBE4DBC0043358F /* TopFrame.h */ = {isa = PBXFileReference; fileEncoding = 4; lastKnownFileType = sourcecode.c.h; path = TopFrame.h; sourceTree = "<group>"; };
		B57BEC681CBE4DBC0043358F /* TopFrame.m */ = {isa = PBXFileReference; fileEncoding = 4; lastKnownFileType = sourcecode.c.objc; path = TopFrame.m; sourceTree = "<group>"; };
		B5A3DD921CB2724E006FD7D6 /* LCZ_AnimationProject.app */ = {isa = PBXFileReference; explicitFileType = wrapper.application; includeInIndex = 0; path = LCZ_AnimationProject.app; sourceTree = BUILT_PRODUCTS_DIR; };
		B5A3DD961CB2724E006FD7D6 /* main.m */ = {isa = PBXFileReference; lastKnownFileType = sourcecode.c.objc; path = main.m; sourceTree = "<group>"; };
		B5A3DD981CB2724E006FD7D6 /* AppDelegate.h */ = {isa = PBXFileReference; lastKnownFileType = sourcecode.c.h; name = AppDelegate.h; path = ../../AppDelegate.h; sourceTree = "<group>"; };
		B5A3DD991CB2724E006FD7D6 /* AppDelegate.m */ = {isa = PBXFileReference; lastKnownFileType = sourcecode.c.objc; name = AppDelegate.m; path = ../../AppDelegate.m; sourceTree = "<group>"; };
		B5A3DD9B1CB2724E006FD7D6 /* ViewController.h */ = {isa = PBXFileReference; lastKnownFileType = sourcecode.c.h; name = ViewController.h; path = ../../ViewController.h; sourceTree = "<group>"; };
		B5A3DD9C1CB2724E006FD7D6 /* ViewController.m */ = {isa = PBXFileReference; lastKnownFileType = sourcecode.c.objc; name = ViewController.m; path = ../../ViewController.m; sourceTree = "<group>"; };
		B5A3DDA11CB2724E006FD7D6 /* Assets.xcassets */ = {isa = PBXFileReference; lastKnownFileType = folder.assetcatalog; path = Assets.xcassets; sourceTree = "<group>"; };
		B5A3DDA61CB2724E006FD7D6 /* Info.plist */ = {isa = PBXFileReference; lastKnownFileType = text.plist.xml; path = Info.plist; sourceTree = "<group>"; };
		B5A3DDAB1CB2724E006FD7D6 /* LCZ_AnimationProjectTests.xctest */ = {isa = PBXFileReference; explicitFileType = wrapper.cfbundle; includeInIndex = 0; path = LCZ_AnimationProjectTests.xctest; sourceTree = BUILT_PRODUCTS_DIR; };
		B5A3DDAF1CB2724E006FD7D6 /* LCZ_AnimationProjectTests.m */ = {isa = PBXFileReference; lastKnownFileType = sourcecode.c.objc; path = LCZ_AnimationProjectTests.m; sourceTree = "<group>"; };
		B5A3DDB11CB2724E006FD7D6 /* Info.plist */ = {isa = PBXFileReference; lastKnownFileType = text.plist.xml; path = Info.plist; sourceTree = "<group>"; };
		B5A3DDB61CB2724E006FD7D6 /* LCZ_AnimationProjectUITests.xctest */ = {isa = PBXFileReference; explicitFileType = wrapper.cfbundle; includeInIndex = 0; path = LCZ_AnimationProjectUITests.xctest; sourceTree = BUILT_PRODUCTS_DIR; };
		B5A3DDBA1CB2724E006FD7D6 /* LCZ_AnimationProjectUITests.m */ = {isa = PBXFileReference; lastKnownFileType = sourcecode.c.objc; path = LCZ_AnimationProjectUITests.m; sourceTree = "<group>"; };
		B5A3DDBC1CB2724E006FD7D6 /* Info.plist */ = {isa = PBXFileReference; lastKnownFileType = text.plist.xml; path = Info.plist; sourceTree = "<group>"; };
		B5A3DDCB1CB273B6006FD7D6 /* LCZTabBarController.h */ = {isa = PBXFileReference; fileEncoding = 4; lastKnownFileType = sourcecode.c.h; path = LCZTabBarController.h; sourceTree = "<group>"; };
		B5A3DDCC1CB273B6006FD7D6 /* LCZTabBarController.m */ = {isa = PBXFileReference; fileEncoding = 4; lastKnownFileType = sourcecode.c.objc; path = LCZTabBarController.m; sourceTree = "<group>"; };
		B5A3DDCE1CB275C2006FD7D6 /* LCZNavigationController.h */ = {isa = PBXFileReference; fileEncoding = 4; lastKnownFileType = sourcecode.c.h; path = LCZNavigationController.h; sourceTree = "<group>"; };
		B5A3DDCF1CB275C2006FD7D6 /* LCZNavigationController.m */ = {isa = PBXFileReference; fileEncoding = 4; lastKnownFileType = sourcecode.c.objc; path = LCZNavigationController.m; sourceTree = "<group>"; };
		B5A3DDD51CB2780C006FD7D6 /* LCZMeViewController.h */ = {isa = PBXFileReference; fileEncoding = 4; lastKnownFileType = sourcecode.c.h; path = LCZMeViewController.h; sourceTree = "<group>"; };
		B5A3DDD61CB2780C006FD7D6 /* LCZMeViewController.m */ = {isa = PBXFileReference; fileEncoding = 4; lastKnownFileType = sourcecode.c.objc; path = LCZMeViewController.m; sourceTree = "<group>"; };
		B5A3DDD81CB2784C006FD7D6 /* LCZAttentionViewController.h */ = {isa = PBXFileReference; fileEncoding = 4; lastKnownFileType = sourcecode.c.h; path = LCZAttentionViewController.h; sourceTree = "<group>"; };
		B5A3DDD91CB2784C006FD7D6 /* LCZAttentionViewController.m */ = {isa = PBXFileReference; fileEncoding = 4; lastKnownFileType = sourcecode.c.objc; path = LCZAttentionViewController.m; sourceTree = "<group>"; };
		B5A3DDDB1CB27866006FD7D6 /* LCZNewViewController.h */ = {isa = PBXFileReference; fileEncoding = 4; lastKnownFileType = sourcecode.c.h; path = LCZNewViewController.h; sourceTree = "<group>"; };
		B5A3DDDC1CB27867006FD7D6 /* LCZNewViewController.m */ = {isa = PBXFileReference; fileEncoding = 4; lastKnownFileType = sourcecode.c.objc; path = LCZNewViewController.m; sourceTree = "<group>"; };
		B5A3DDDF1CB2789A006FD7D6 /* LCZEssenceViewController.h */ = {isa = PBXFileReference; fileEncoding = 4; lastKnownFileType = sourcecode.c.h; path = LCZEssenceViewController.h; sourceTree = "<group>"; };
		B5A3DDE01CB2789A006FD7D6 /* LCZEssenceViewController.m */ = {isa = PBXFileReference; fileEncoding = 4; lastKnownFileType = sourcecode.c.objc; path = LCZEssenceViewController.m; sourceTree = "<group>"; };
		B5A3DDE21CB278CF006FD7D6 /* LCZ.pch */ = {isa = PBXFileReference; lastKnownFileType = sourcecode.c.h; path = LCZ.pch; sourceTree = "<group>"; };
		B5A3DDE41CB28539006FD7D6 /* LCZTabBar.h */ = {isa = PBXFileReference; fileEncoding = 4; lastKnownFileType = sourcecode.c.h; path = LCZTabBar.h; sourceTree = "<group>"; };
		B5A3DDE51CB28539006FD7D6 /* LCZTabBar.m */ = {isa = PBXFileReference; fileEncoding = 4; lastKnownFileType = sourcecode.c.objc; path = LCZTabBar.m; sourceTree = "<group>"; };
		B5A3DDE81CB29F43006FD7D6 /* UIView+Extension.h */ = {isa = PBXFileReference; fileEncoding = 4; lastKnownFileType = sourcecode.c.h; path = "UIView+Extension.h"; sourceTree = "<group>"; };
		B5A3DDE91CB29F43006FD7D6 /* UIView+Extension.m */ = {isa = PBXFileReference; fileEncoding = 4; lastKnownFileType = sourcecode.c.objc; path = "UIView+Extension.m"; sourceTree = "<group>"; };
		B5A3DDEB1CB2B74F006FD7D6 /* LCZPublicView.h */ = {isa = PBXFileReference; fileEncoding = 4; lastKnownFileType = sourcecode.c.h; path = LCZPublicView.h; sourceTree = "<group>"; };
		B5A3DDEC1CB2B74F006FD7D6 /* LCZPublicView.m */ = {isa = PBXFileReference; fileEncoding = 4; lastKnownFileType = sourcecode.c.objc; path = LCZPublicView.m; sourceTree = "<group>"; };
		B5A3DDEE1CB2B7EB006FD7D6 /* MyButton.h */ = {isa = PBXFileReference; fileEncoding = 4; lastKnownFileType = sourcecode.c.h; path = MyButton.h; sourceTree = "<group>"; };
		B5A3DDEF1CB2B7EB006FD7D6 /* MyButton.m */ = {isa = PBXFileReference; fileEncoding = 4; lastKnownFileType = sourcecode.c.objc; path = MyButton.m; sourceTree = "<group>"; };
		B5CCC5781CC8750C00633F90 /* LogViewController.h */ = {isa = PBXFileReference; fileEncoding = 4; lastKnownFileType = sourcecode.c.h; path = LogViewController.h; sourceTree = "<group>"; };
		B5CCC5791CC8750C00633F90 /* LogViewController.m */ = {isa = PBXFileReference; fileEncoding = 4; lastKnownFileType = sourcecode.c.objc; path = LogViewController.m; sourceTree = "<group>"; };
		B5CCC57B1CC8767D00633F90 /* LogView.h */ = {isa = PBXFileReference; fileEncoding = 4; lastKnownFileType = sourcecode.c.h; path = LogView.h; sourceTree = "<group>"; };
		B5CCC57C1CC8767D00633F90 /* LogView.m */ = {isa = PBXFileReference; fileEncoding = 4; lastKnownFileType = sourcecode.c.objc; path = LogView.m; sourceTree = "<group>"; };
		B5CCC5811CC9C2C800633F90 /* ShareButton.h */ = {isa = PBXFileReference; fileEncoding = 4; lastKnownFileType = sourcecode.c.h; path = ShareButton.h; sourceTree = "<group>"; };
		B5CCC5821CC9C2C800633F90 /* ShareButton.m */ = {isa = PBXFileReference; fileEncoding = 4; lastKnownFileType = sourcecode.c.objc; path = ShareButton.m; sourceTree = "<group>"; };
		B5F4B57F1CB38B0A00BE7183 /* AVFoundation.framework */ = {isa = PBXFileReference; lastKnownFileType = wrapper.framework; name = AVFoundation.framework; path = System/Library/Frameworks/AVFoundation.framework; sourceTree = SDKROOT; };
		B5F4B5851CBA0EFB00BE7183 /* AddtreaViewController.h */ = {isa = PBXFileReference; fileEncoding = 4; lastKnownFileType = sourcecode.c.h; path = AddtreaViewController.h; sourceTree = "<group>"; };
		B5F4B5861CBA0EFB00BE7183 /* AddtreaViewController.m */ = {isa = PBXFileReference; fileEncoding = 4; lastKnownFileType = sourcecode.c.objc; path = AddtreaViewController.m; sourceTree = "<group>"; };
		B5F4B5881CBA0F1900BE7183 /* AddTreaView.h */ = {isa = PBXFileReference; fileEncoding = 4; lastKnownFileType = sourcecode.c.h; path = AddTreaView.h; sourceTree = "<group>"; };
		B5F4B5891CBA0F1900BE7183 /* AddTreaView.m */ = {isa = PBXFileReference; fileEncoding = 4; lastKnownFileType = sourcecode.c.objc; path = AddTreaView.m; sourceTree = "<group>"; };
		BC9CEA4FD538CC78D9EB1DB9 /* Pods-LCZ_AnimationProject.release.xcconfig */ = {isa = PBXFileReference; includeInIndex = 1; lastKnownFileType = text.xcconfig; name = "Pods-LCZ_AnimationProject.release.xcconfig"; path = "Pods/Target Support Files/Pods-LCZ_AnimationProject/Pods-LCZ_AnimationProject.release.xcconfig"; sourceTree = "<group>"; };
/* End PBXFileReference section */

/* Begin PBXFrameworksBuildPhase section */
		B5A3DD8F1CB2724E006FD7D6 /* Frameworks */ = {
			isa = PBXFrameworksBuildPhase;
			buildActionMask = 2147483647;
			files = (
				B52747A91CC34B94007F423B /* MediaPlayer.framework in Frameworks */,
				B5F4B5801CB38B0A00BE7183 /* AVFoundation.framework in Frameworks */,
				D060076790BC88F39E0533F2 /* Pods_LCZ_AnimationProject.framework in Frameworks */,
			);
			runOnlyForDeploymentPostprocessing = 0;
		};
		B5A3DDA81CB2724E006FD7D6 /* Frameworks */ = {
			isa = PBXFrameworksBuildPhase;
			buildActionMask = 2147483647;
			files = (
			);
			runOnlyForDeploymentPostprocessing = 0;
		};
		B5A3DDB31CB2724E006FD7D6 /* Frameworks */ = {
			isa = PBXFrameworksBuildPhase;
			buildActionMask = 2147483647;
			files = (
			);
			runOnlyForDeploymentPostprocessing = 0;
		};
/* End PBXFrameworksBuildPhase section */

/* Begin PBXGroup section */
		B52747A41CC3172B007F423B /* View */ = {
			isa = PBXGroup;
			children = (
				B52747A11CC1CE75007F423B /* VideoView.h */,
				B52747A21CC1CE75007F423B /* VideoView.m */,
			);
			path = View;
			sourceTree = "<group>";
		};
		B57BEC341CBC85E80043358F /* View */ = {
			isa = PBXGroup;
			children = (
				B57BEC3A1CBC8AA30043358F /* backimage.png */,
				B57BEC381CBC8A9C0043358F /* contimage.png */,
				B57BEC351CBC86420043358F /* MyAlertView.h */,
				B57BEC361CBC86420043358F /* MyAlertView.m */,
				B5CCC57B1CC8767D00633F90 /* LogView.h */,
				B5CCC57C1CC8767D00633F90 /* LogView.m */,
				B5CCC5811CC9C2C800633F90 /* ShareButton.h */,
				B5CCC5821CC9C2C800633F90 /* ShareButton.m */,
			);
			path = View;
			sourceTree = "<group>";
		};
		B57BEC3C1CBCF0B20043358F /* 推荐 */ = {
			isa = PBXGroup;
			children = (
				B57BEC411CBCF1F40043358F /* RecommendViewController.h */,
				B57BEC421CBCF1F40043358F /* RecommendViewController.m */,
				B57BEC641CBE3E700043358F /* recomTool.h */,
				B57BEC651CBE3E700043358F /* recomTool.m */,
			);
			path = "推荐";
			sourceTree = "<group>";
		};
		B57BEC3D1CBCF0EB0043358F /* 视频 */ = {
			isa = PBXGroup;
			children = (
				B52747AA1CC35292007F423B /* KRVideoPlayerController.h */,
				B52747AB1CC35292007F423B /* KRVideoPlayerController.m */,
				B52747AD1CC3551A007F423B /* KRVideoPlayerControlView.h */,
				B52747AE1CC3551A007F423B /* KRVideoPlayerControlView.m */,
				B57BEC441CBCF2620043358F /* VideoViewController.h */,
				B57BEC451CBCF2620043358F /* VideoViewController.m */,
				B52747A41CC3172B007F423B /* View */,
			);
			path = "视频";
			sourceTree = "<group>";
		};
		B57BEC3E1CBCF0FB0043358F /* 图片 */ = {
			isa = PBXGroup;
			children = (
				B57BEC471CBCF3110043358F /* PicViewController.h */,
				B57BEC481CBCF3110043358F /* PicViewController.m */,
			);
			path = "图片";
			sourceTree = "<group>";
		};
		B57BEC3F1CBCF1040043358F /* 声音 */ = {
			isa = PBXGroup;
			children = (
				B57BEC4A1CBCF3340043358F /* VoiceViewController.h */,
				B57BEC4B1CBCF3340043358F /* VoiceViewController.m */,
			);
			path = "声音";
			sourceTree = "<group>";
		};
		B57BEC401CBCF1120043358F /* 段子 */ = {
			isa = PBXGroup;
			children = (
				B57BEC4D1CBCF3930043358F /* TalkViewController.h */,
				B57BEC4E1CBCF3930043358F /* TalkViewController.m */,
			);
			path = "段子";
			sourceTree = "<group>";
		};
		B57BEC501CBE2E530043358F /* View */ = {
			isa = PBXGroup;
			children = (
				B57BEC511CBE2EC40043358F /* TopViewCell.h */,
				B57BEC521CBE2EC40043358F /* TopViewCell.m */,
				B52747A51CC32304007F423B /* BottonCell.h */,
				B52747A61CC32304007F423B /* BottonCell.m */,
			);
			name = View;
			path = "精华/View";
			sourceTree = "<group>";
		};
		B57BEC561CBE36AE0043358F /* Model */ = {
			isa = PBXGroup;
			children = (
				B57BEC571CBE370B0043358F /* TopModel.h */,
				B57BEC581CBE370B0043358F /* TopModel.m */,
				B57BEC5D1CBE392F0043358F /* XFUserModel.h */,
				B57BEC5E1CBE392F0043358F /* XFUserModel.m */,
				B57BEC5A1CBE384E0043358F /* XFCommentModel.h */,
				B57BEC5B1CBE384E0043358F /* XFCommentModel.m */,
				B57BEC671CBE4DBC0043358F /* TopFrame.h */,
				B57BEC681CBE4DBC0043358F /* TopFrame.m */,
			);
			name = Model;
			path = "精华/Model";
			sourceTree = "<group>";
		};
		B57BEC601CBE39CF0043358F /* Tool */ = {
			isa = PBXGroup;
			children = (
				B57BEC611CBE3A1B0043358F /* HttpTool.h */,
				B57BEC621CBE3A1B0043358F /* HttpTool.m */,
			);
			path = Tool;
			sourceTree = "<group>";
		};
		B5A3DD891CB2724E006FD7D6 = {
			isa = PBXGroup;
			children = (
				B5A3DD941CB2724E006FD7D6 /* LCZ_AnimationProject */,
				B5A3DDAE1CB2724E006FD7D6 /* LCZ_AnimationProjectTests */,
				B5A3DDB91CB2724E006FD7D6 /* LCZ_AnimationProjectUITests */,
				B5A3DD931CB2724E006FD7D6 /* Products */,
				C84E866E79BF5E8F03B699D1 /* Pods */,
				E583A0EAF1EB14C4729E168F /* Frameworks */,
			);
			sourceTree = "<group>";
		};
		B5A3DD931CB2724E006FD7D6 /* Products */ = {
			isa = PBXGroup;
			children = (
				B5A3DD921CB2724E006FD7D6 /* LCZ_AnimationProject.app */,
				B5A3DDAB1CB2724E006FD7D6 /* LCZ_AnimationProjectTests.xctest */,
				B5A3DDB61CB2724E006FD7D6 /* LCZ_AnimationProjectUITests.xctest */,
			);
			name = Products;
			sourceTree = "<group>";
		};
		B5A3DD941CB2724E006FD7D6 /* LCZ_AnimationProject */ = {
			isa = PBXGroup;
			children = (
				B5A3DDC81CB272BE006FD7D6 /* classes */,
				B5A3DDA11CB2724E006FD7D6 /* Assets.xcassets */,
				B5A3DDA61CB2724E006FD7D6 /* Info.plist */,
				B5A3DD951CB2724E006FD7D6 /* Supporting Files */,
			);
			path = LCZ_AnimationProject;
			sourceTree = "<group>";
		};
		B5A3DD951CB2724E006FD7D6 /* Supporting Files */ = {
			isa = PBXGroup;
			children = (
				B5A3DD961CB2724E006FD7D6 /* main.m */,
				B5A3DDE21CB278CF006FD7D6 /* LCZ.pch */,
			);
			name = "Supporting Files";
			sourceTree = "<group>";
		};
		B5A3DDAE1CB2724E006FD7D6 /* LCZ_AnimationProjectTests */ = {
			isa = PBXGroup;
			children = (
				B5A3DDAF1CB2724E006FD7D6 /* LCZ_AnimationProjectTests.m */,
				B5A3DDB11CB2724E006FD7D6 /* Info.plist */,
			);
			path = LCZ_AnimationProjectTests;
			sourceTree = "<group>";
		};
		B5A3DDB91CB2724E006FD7D6 /* LCZ_AnimationProjectUITests */ = {
			isa = PBXGroup;
			children = (
				B5A3DDBA1CB2724E006FD7D6 /* LCZ_AnimationProjectUITests.m */,
				B5A3DDBC1CB2724E006FD7D6 /* Info.plist */,
			);
			path = LCZ_AnimationProjectUITests;
			sourceTree = "<group>";
		};
		B5A3DDC81CB272BE006FD7D6 /* classes */ = {
			isa = PBXGroup;
			children = (
				B57BEC601CBE39CF0043358F /* Tool */,
				B5A3DDE71CB29F1C006FD7D6 /* Category */,
				B5A3DDD41CB277CE006FD7D6 /* 我 */,
				B5A3DDD31CB277BA006FD7D6 /* 关注 */,
				B5A3DDD21CB2776F006FD7D6 /* 最新 */,
				B5A3DDD11CB27748006FD7D6 /* 精华 */,
				B57BEC501CBE2E530043358F /* View */,
				B57BEC561CBE36AE0043358F /* Model */,
				B5A3DDCA1CB272FA006FD7D6 /* Other */,
				B5A3DDC91CB272E0006FD7D6 /* Main */,
			);
			path = classes;
			sourceTree = "<group>";
		};
		B5A3DDC91CB272E0006FD7D6 /* Main */ = {
			isa = PBXGroup;
			children = (
				B5A3DDE31CB284FF006FD7D6 /* View */,
				B5A3DDCB1CB273B6006FD7D6 /* LCZTabBarController.h */,
				B5A3DDCC1CB273B6006FD7D6 /* LCZTabBarController.m */,
				B5A3DDCE1CB275C2006FD7D6 /* LCZNavigationController.h */,
				B5A3DDCF1CB275C2006FD7D6 /* LCZNavigationController.m */,
			);
			path = Main;
			sourceTree = "<group>";
		};
		B5A3DDCA1CB272FA006FD7D6 /* Other */ = {
			isa = PBXGroup;
			children = (
				B5A3DD981CB2724E006FD7D6 /* AppDelegate.h */,
				B5A3DD991CB2724E006FD7D6 /* AppDelegate.m */,
				B5A3DD9B1CB2724E006FD7D6 /* ViewController.h */,
				B5A3DD9C1CB2724E006FD7D6 /* ViewController.m */,
			);
			path = Other;
			sourceTree = "<group>";
		};
		B5A3DDD11CB27748006FD7D6 /* 精华 */ = {
			isa = PBXGroup;
			children = (
				B5A3DDDF1CB2789A006FD7D6 /* LCZEssenceViewController.h */,
				B5A3DDE01CB2789A006FD7D6 /* LCZEssenceViewController.m */,
				B57BEC401CBCF1120043358F /* 段子 */,
				B57BEC3F1CBCF1040043358F /* 声音 */,
				B57BEC3E1CBCF0FB0043358F /* 图片 */,
				B57BEC3D1CBCF0EB0043358F /* 视频 */,
				B57BEC3C1CBCF0B20043358F /* 推荐 */,
			);
			path = "精华";
			sourceTree = "<group>";
		};
		B5A3DDD21CB2776F006FD7D6 /* 最新 */ = {
			isa = PBXGroup;
			children = (
				B5A3DDDB1CB27866006FD7D6 /* LCZNewViewController.h */,
				B5A3DDDC1CB27867006FD7D6 /* LCZNewViewController.m */,
			);
			path = "最新";
			sourceTree = "<group>";
		};
		B5A3DDD31CB277BA006FD7D6 /* 关注 */ = {
			isa = PBXGroup;
			children = (
				B57BEC341CBC85E80043358F /* View */,
				B5A3DDD81CB2784C006FD7D6 /* LCZAttentionViewController.h */,
				B5A3DDD91CB2784C006FD7D6 /* LCZAttentionViewController.m */,
				B5CCC5781CC8750C00633F90 /* LogViewController.h */,
				B5CCC5791CC8750C00633F90 /* LogViewController.m */,
			);
			path = "关注";
			sourceTree = "<group>";
		};
		B5A3DDD41CB277CE006FD7D6 /* 我 */ = {
			isa = PBXGroup;
			children = (
				B5A3DDD51CB2780C006FD7D6 /* LCZMeViewController.h */,
				B5A3DDD61CB2780C006FD7D6 /* LCZMeViewController.m */,
				B5F4B5851CBA0EFB00BE7183 /* AddtreaViewController.h */,
				B5F4B5861CBA0EFB00BE7183 /* AddtreaViewController.m */,
				B5F4B5881CBA0F1900BE7183 /* AddTreaView.h */,
				B5F4B5891CBA0F1900BE7183 /* AddTreaView.m */,
			);
			path = "我";
			sourceTree = "<group>";
		};
		B5A3DDE31CB284FF006FD7D6 /* View */ = {
			isa = PBXGroup;
			children = (
				B5A3DDE41CB28539006FD7D6 /* LCZTabBar.h */,
				B5A3DDE51CB28539006FD7D6 /* LCZTabBar.m */,
				B5A3DDEB1CB2B74F006FD7D6 /* LCZPublicView.h */,
				B5A3DDEC1CB2B74F006FD7D6 /* LCZPublicView.m */,
				B5A3DDEE1CB2B7EB006FD7D6 /* MyButton.h */,
				B5A3DDEF1CB2B7EB006FD7D6 /* MyButton.m */,
			);
			path = View;
			sourceTree = "<group>";
		};
		B5A3DDE71CB29F1C006FD7D6 /* Category */ = {
			isa = PBXGroup;
			children = (
				B5A3DDE81CB29F43006FD7D6 /* UIView+Extension.h */,
				B5A3DDE91CB29F43006FD7D6 /* UIView+Extension.m */,
			);
			path = Category;
			sourceTree = "<group>";
		};
		C84E866E79BF5E8F03B699D1 /* Pods */ = {
			isa = PBXGroup;
			children = (
				AAC054889792B04E458BD764 /* Pods-LCZ_AnimationProject.debug.xcconfig */,
				BC9CEA4FD538CC78D9EB1DB9 /* Pods-LCZ_AnimationProject.release.xcconfig */,
			);
			name = Pods;
			sourceTree = "<group>";
		};
		E583A0EAF1EB14C4729E168F /* Frameworks */ = {
			isa = PBXGroup;
			children = (
				B52747A81CC34B94007F423B /* MediaPlayer.framework */,
				B5F4B57F1CB38B0A00BE7183 /* AVFoundation.framework */,
				654B270ED977751E5EF22C3A /* Pods_LCZ_AnimationProject.framework */,
			);
			name = Frameworks;
			sourceTree = "<group>";
		};
/* End PBXGroup section */

/* Begin PBXNativeTarget section */
		B5A3DD911CB2724E006FD7D6 /* LCZ_AnimationProject */ = {
			isa = PBXNativeTarget;
			buildConfigurationList = B5A3DDBF1CB2724E006FD7D6 /* Build configuration list for PBXNativeTarget "LCZ_AnimationProject" */;
			buildPhases = (
				EE039A0C7E6420BBA7A72949 /* Check Pods Manifest.lock */,
				B5A3DD8E1CB2724E006FD7D6 /* Sources */,
				B5A3DD8F1CB2724E006FD7D6 /* Frameworks */,
				B5A3DD901CB2724E006FD7D6 /* Resources */,
				7FAE46750B9F37F46577FABF /* Embed Pods Frameworks */,
				1CB08218210B56A85ED4F1EE /* Copy Pods Resources */,
			);
			buildRules = (
			);
			dependencies = (
			);
			name = LCZ_AnimationProject;
			productName = LCZ_AnimationProject;
			productReference = B5A3DD921CB2724E006FD7D6 /* LCZ_AnimationProject.app */;
			productType = "com.apple.product-type.application";
		};
		B5A3DDAA1CB2724E006FD7D6 /* LCZ_AnimationProjectTests */ = {
			isa = PBXNativeTarget;
			buildConfigurationList = B5A3DDC21CB2724E006FD7D6 /* Build configuration list for PBXNativeTarget "LCZ_AnimationProjectTests" */;
			buildPhases = (
				B5A3DDA71CB2724E006FD7D6 /* Sources */,
				B5A3DDA81CB2724E006FD7D6 /* Frameworks */,
				B5A3DDA91CB2724E006FD7D6 /* Resources */,
			);
			buildRules = (
			);
			dependencies = (
				B5A3DDAD1CB2724E006FD7D6 /* PBXTargetDependency */,
			);
			name = LCZ_AnimationProjectTests;
			productName = LCZ_AnimationProjectTests;
			productReference = B5A3DDAB1CB2724E006FD7D6 /* LCZ_AnimationProjectTests.xctest */;
			productType = "com.apple.product-type.bundle.unit-test";
		};
		B5A3DDB51CB2724E006FD7D6 /* LCZ_AnimationProjectUITests */ = {
			isa = PBXNativeTarget;
			buildConfigurationList = B5A3DDC51CB2724E006FD7D6 /* Build configuration list for PBXNativeTarget "LCZ_AnimationProjectUITests" */;
			buildPhases = (
				B5A3DDB21CB2724E006FD7D6 /* Sources */,
				B5A3DDB31CB2724E006FD7D6 /* Frameworks */,
				B5A3DDB41CB2724E006FD7D6 /* Resources */,
			);
			buildRules = (
			);
			dependencies = (
				B5A3DDB81CB2724E006FD7D6 /* PBXTargetDependency */,
			);
			name = LCZ_AnimationProjectUITests;
			productName = LCZ_AnimationProjectUITests;
			productReference = B5A3DDB61CB2724E006FD7D6 /* LCZ_AnimationProjectUITests.xctest */;
			productType = "com.apple.product-type.bundle.ui-testing";
		};
/* End PBXNativeTarget section */

/* Begin PBXProject section */
		B5A3DD8A1CB2724E006FD7D6 /* Project object */ = {
			isa = PBXProject;
			attributes = {
				LastUpgradeCheck = 0720;
				ORGANIZATIONNAME = lxx;
				TargetAttributes = {
					B5A3DD911CB2724E006FD7D6 = {
						CreatedOnToolsVersion = 7.2;
						DevelopmentTeam = 3HXKSU38SD;
					};
					B5A3DDAA1CB2724E006FD7D6 = {
						CreatedOnToolsVersion = 7.2;
						DevelopmentTeam = 3HXKSU38SD;
						TestTargetID = B5A3DD911CB2724E006FD7D6;
					};
					B5A3DDB51CB2724E006FD7D6 = {
						CreatedOnToolsVersion = 7.2;
						DevelopmentTeam = 3HXKSU38SD;
						TestTargetID = B5A3DD911CB2724E006FD7D6;
					};
				};
			};
			buildConfigurationList = B5A3DD8D1CB2724E006FD7D6 /* Build configuration list for PBXProject "LCZ_AnimationProject" */;
			compatibilityVersion = "Xcode 3.2";
			developmentRegion = English;
			hasScannedForEncodings = 0;
			knownRegions = (
				en,
				Base,
			);
			mainGroup = B5A3DD891CB2724E006FD7D6;
			productRefGroup = B5A3DD931CB2724E006FD7D6 /* Products */;
			projectDirPath = "";
			projectRoot = "";
			targets = (
				B5A3DD911CB2724E006FD7D6 /* LCZ_AnimationProject */,
				B5A3DDAA1CB2724E006FD7D6 /* LCZ_AnimationProjectTests */,
				B5A3DDB51CB2724E006FD7D6 /* LCZ_AnimationProjectUITests */,
			);
		};
/* End PBXProject section */

/* Begin PBXResourcesBuildPhase section */
		B5A3DD901CB2724E006FD7D6 /* Resources */ = {
			isa = PBXResourcesBuildPhase;
			buildActionMask = 2147483647;
			files = (
				B57BEC3B1CBC8AA30043358F /* backimage.png in Resources */,
				B5A3DDA21CB2724E006FD7D6 /* Assets.xcassets in Resources */,
				B57BEC391CBC8A9C0043358F /* contimage.png in Resources */,
			);
			runOnlyForDeploymentPostprocessing = 0;
		};
		B5A3DDA91CB2724E006FD7D6 /* Resources */ = {
			isa = PBXResourcesBuildPhase;
			buildActionMask = 2147483647;
			files = (
			);
			runOnlyForDeploymentPostprocessing = 0;
		};
		B5A3DDB41CB2724E006FD7D6 /* Resources */ = {
			isa = PBXResourcesBuildPhase;
			buildActionMask = 2147483647;
			files = (
			);
			runOnlyForDeploymentPostprocessing = 0;
		};
/* End PBXResourcesBuildPhase section */

/* Begin PBXShellScriptBuildPhase section */
		1CB08218210B56A85ED4F1EE /* Copy Pods Resources */ = {
			isa = PBXShellScriptBuildPhase;
			buildActionMask = 2147483647;
			files = (
			);
			inputPaths = (
			);
			name = "Copy Pods Resources";
			outputPaths = (
			);
			runOnlyForDeploymentPostprocessing = 0;
			shellPath = /bin/sh;
			shellScript = "\"${SRCROOT}/Pods/Target Support Files/Pods-LCZ_AnimationProject/Pods-LCZ_AnimationProject-resources.sh\"\n";
			showEnvVarsInLog = 0;
		};
		7FAE46750B9F37F46577FABF /* Embed Pods Frameworks */ = {
			isa = PBXShellScriptBuildPhase;
			buildActionMask = 2147483647;
			files = (
			);
			inputPaths = (
			);
			name = "Embed Pods Frameworks";
			outputPaths = (
			);
			runOnlyForDeploymentPostprocessing = 0;
			shellPath = /bin/sh;
			shellScript = "\"${SRCROOT}/Pods/Target Support Files/Pods-LCZ_AnimationProject/Pods-LCZ_AnimationProject-frameworks.sh\"\n";
			showEnvVarsInLog = 0;
		};
		EE039A0C7E6420BBA7A72949 /* Check Pods Manifest.lock */ = {
			isa = PBXShellScriptBuildPhase;
			buildActionMask = 2147483647;
			files = (
			);
			inputPaths = (
			);
			name = "Check Pods Manifest.lock";
			outputPaths = (
			);
			runOnlyForDeploymentPostprocessing = 0;
			shellPath = /bin/sh;
			shellScript = "diff \"${PODS_ROOT}/../Podfile.lock\" \"${PODS_ROOT}/Manifest.lock\" > /dev/null\nif [[ $? != 0 ]] ; then\n    cat << EOM\nerror: The sandbox is not in sync with the Podfile.lock. Run 'pod install' or update your CocoaPods installation.\nEOM\n    exit 1\nfi\n";
			showEnvVarsInLog = 0;
		};
/* End PBXShellScriptBuildPhase section */

/* Begin PBXSourcesBuildPhase section */
		B5A3DD8E1CB2724E006FD7D6 /* Sources */ = {
			isa = PBXSourcesBuildPhase;
			buildActionMask = 2147483647;
			files = (
				B57BEC491CBCF3110043358F /* PicViewController.m in Sources */,
				B5A3DDE11CB2789A006FD7D6 /* LCZEssenceViewController.m in Sources */,
				B57BEC591CBE370B0043358F /* TopModel.m in Sources */,
				B57BEC371CBC86420043358F /* MyAlertView.m in Sources */,
				B57BEC461CBCF2620043358F /* VideoViewController.m in Sources */,
				B57BEC631CBE3A1B0043358F /* HttpTool.m in Sources */,
				B52747AC1CC35292007F423B /* KRVideoPlayerController.m in Sources */,
				B5A3DDD71CB2780C006FD7D6 /* LCZMeViewController.m in Sources */,
				B57BEC691CBE4DBC0043358F /* TopFrame.m in Sources */,
				B57BEC5F1CBE392F0043358F /* XFUserModel.m in Sources */,
				B5A3DDEA1CB29F43006FD7D6 /* UIView+Extension.m in Sources */,
				B5A3DDF01CB2B7EB006FD7D6 /* MyButton.m in Sources */,
				B5F4B5871CBA0EFB00BE7183 /* AddtreaViewController.m in Sources */,
				B5A3DDDA1CB2784C006FD7D6 /* LCZAttentionViewController.m in Sources */,
				B52747A31CC1CE75007F423B /* VideoView.m in Sources */,
				B57BEC4C1CBCF3340043358F /* VoiceViewController.m in Sources */,
				B5A3DDE61CB28539006FD7D6 /* LCZTabBar.m in Sources */,
				B5A3DD9D1CB2724E006FD7D6 /* ViewController.m in Sources */,
				B52747AF1CC3551A007F423B /* KRVideoPlayerControlView.m in Sources */,
				B52747A71CC32304007F423B /* BottonCell.m in Sources */,
				B57BEC5C1CBE384E0043358F /* XFCommentModel.m in Sources */,
				B5A3DDDD1CB27867006FD7D6 /* LCZNewViewController.m in Sources */,
				B57BEC4F1CBCF3930043358F /* TalkViewController.m in Sources */,
				B5CCC5831CC9C2C800633F90 /* ShareButton.m in Sources */,
				B5F4B58A1CBA0F1900BE7183 /* AddTreaView.m in Sources */,
				B5A3DDD01CB275C2006FD7D6 /* LCZNavigationController.m in Sources */,
				B5CCC57D1CC8767D00633F90 /* LogView.m in Sources */,
				B57BEC431CBCF1F40043358F /* RecommendViewController.m in Sources */,
				B57BEC661CBE3E700043358F /* recomTool.m in Sources */,
				B5A3DDCD1CB273B6006FD7D6 /* LCZTabBarController.m in Sources */,
				B5A3DDED1CB2B74F006FD7D6 /* LCZPublicView.m in Sources */,
				B5A3DD9A1CB2724E006FD7D6 /* AppDelegate.m in Sources */,
				B57BEC531CBE2EC40043358F /* TopViewCell.m in Sources */,
				B5A3DD971CB2724E006FD7D6 /* main.m in Sources */,
				B5CCC57A1CC8750C00633F90 /* LogViewController.m in Sources */,
			);
			runOnlyForDeploymentPostprocessing = 0;
		};
		B5A3DDA71CB2724E006FD7D6 /* Sources */ = {
			isa = PBXSourcesBuildPhase;
			buildActionMask = 2147483647;
			files = (
				B5A3DDB01CB2724E006FD7D6 /* LCZ_AnimationProjectTests.m in Sources */,
			);
			runOnlyForDeploymentPostprocessing = 0;
		};
		B5A3DDB21CB2724E006FD7D6 /* Sources */ = {
			isa = PBXSourcesBuildPhase;
			buildActionMask = 2147483647;
			files = (
				B5A3DDBB1CB2724E006FD7D6 /* LCZ_AnimationProjectUITests.m in Sources */,
			);
			runOnlyForDeploymentPostprocessing = 0;
		};
/* End PBXSourcesBuildPhase section */

/* Begin PBXTargetDependency section */
		B5A3DDAD1CB2724E006FD7D6 /* PBXTargetDependency */ = {
			isa = PBXTargetDependency;
			target = B5A3DD911CB2724E006FD7D6 /* LCZ_AnimationProject */;
			targetProxy = B5A3DDAC1CB2724E006FD7D6 /* PBXContainerItemProxy */;
		};
		B5A3DDB81CB2724E006FD7D6 /* PBXTargetDependency */ = {
			isa = PBXTargetDependency;
			target = B5A3DD911CB2724E006FD7D6 /* LCZ_AnimationProject */;
			targetProxy = B5A3DDB71CB2724E006FD7D6 /* PBXContainerItemProxy */;
		};
/* End PBXTargetDependency section */

/* Begin XCBuildConfiguration section */
		B5A3DDBD1CB2724E006FD7D6 /* Debug */ = {
			isa = XCBuildConfiguration;
			buildSettings = {
				ALWAYS_SEARCH_USER_PATHS = NO;
				CLANG_CXX_LANGUAGE_STANDARD = "gnu++0x";
				CLANG_CXX_LIBRARY = "libc++";
				CLANG_ENABLE_MODULES = YES;
				CLANG_ENABLE_OBJC_ARC = YES;
				CLANG_WARN_BOOL_CONVERSION = YES;
				CLANG_WARN_CONSTANT_CONVERSION = YES;
				CLANG_WARN_DIRECT_OBJC_ISA_USAGE = YES_ERROR;
				CLANG_WARN_EMPTY_BODY = YES;
				CLANG_WARN_ENUM_CONVERSION = YES;
				CLANG_WARN_INT_CONVERSION = YES;
				CLANG_WARN_OBJC_ROOT_CLASS = YES_ERROR;
				CLANG_WARN_UNREACHABLE_CODE = YES;
				CLANG_WARN__DUPLICATE_METHOD_MATCH = YES;
				"CODE_SIGN_IDENTITY[sdk=iphoneos*]" = "iPhone Developer";
				COPY_PHASE_STRIP = NO;
				DEBUG_INFORMATION_FORMAT = dwarf;
				ENABLE_STRICT_OBJC_MSGSEND = YES;
				ENABLE_TESTABILITY = YES;
				GCC_C_LANGUAGE_STANDARD = gnu99;
				GCC_DYNAMIC_NO_PIC = NO;
				GCC_NO_COMMON_BLOCKS = YES;
				GCC_OPTIMIZATION_LEVEL = 0;
				GCC_PREPROCESSOR_DEFINITIONS = (
					"DEBUG=1",
					"$(inherited)",
				);
				GCC_WARN_64_TO_32_BIT_CONVERSION = YES;
				GCC_WARN_ABOUT_RETURN_TYPE = YES_ERROR;
				GCC_WARN_UNDECLARED_SELECTOR = YES;
				GCC_WARN_UNINITIALIZED_AUTOS = YES_AGGRESSIVE;
				GCC_WARN_UNUSED_FUNCTION = YES;
				GCC_WARN_UNUSED_VARIABLE = YES;
				IPHONEOS_DEPLOYMENT_TARGET = 9.2;
				MTL_ENABLE_DEBUG_INFO = YES;
				ONLY_ACTIVE_ARCH = YES;
				SDKROOT = iphoneos;
			};
			name = Debug;
		};
		B5A3DDBE1CB2724E006FD7D6 /* Release */ = {
			isa = XCBuildConfiguration;
			buildSettings = {
				ALWAYS_SEARCH_USER_PATHS = NO;
				CLANG_CXX_LANGUAGE_STANDARD = "gnu++0x";
				CLANG_CXX_LIBRARY = "libc++";
				CLANG_ENABLE_MODULES = YES;
				CLANG_ENABLE_OBJC_ARC = YES;
				CLANG_WARN_BOOL_CONVERSION = YES;
				CLANG_WARN_CONSTANT_CONVERSION = YES;
				CLANG_WARN_DIRECT_OBJC_ISA_USAGE = YES_ERROR;
				CLANG_WARN_EMPTY_BODY = YES;
				CLANG_WARN_ENUM_CONVERSION = YES;
				CLANG_WARN_INT_CONVERSION = YES;
				CLANG_WARN_OBJC_ROOT_CLASS = YES_ERROR;
				CLANG_WARN_UNREACHABLE_CODE = YES;
				CLANG_WARN__DUPLICATE_METHOD_MATCH = YES;
				"CODE_SIGN_IDENTITY[sdk=iphoneos*]" = "iPhone Developer";
				COPY_PHASE_STRIP = NO;
				DEBUG_INFORMATION_FORMAT = "dwarf-with-dsym";
				ENABLE_NS_ASSERTIONS = NO;
				ENABLE_STRICT_OBJC_MSGSEND = YES;
				GCC_C_LANGUAGE_STANDARD = gnu99;
				GCC_NO_COMMON_BLOCKS = YES;
				GCC_WARN_64_TO_32_BIT_CONVERSION = YES;
				GCC_WARN_ABOUT_RETURN_TYPE = YES_ERROR;
				GCC_WARN_UNDECLARED_SELECTOR = YES;
				GCC_WARN_UNINITIALIZED_AUTOS = YES_AGGRESSIVE;
				GCC_WARN_UNUSED_FUNCTION = YES;
				GCC_WARN_UNUSED_VARIABLE = YES;
				IPHONEOS_DEPLOYMENT_TARGET = 9.2;
				MTL_ENABLE_DEBUG_INFO = NO;
				SDKROOT = iphoneos;
				VALIDATE_PRODUCT = YES;
			};
			name = Release;
		};
		B5A3DDC01CB2724E006FD7D6 /* Debug */ = {
			isa = XCBuildConfiguration;
			baseConfigurationReference = AAC054889792B04E458BD764 /* Pods-LCZ_AnimationProject.debug.xcconfig */;
			buildSettings = {
				ASSETCATALOG_COMPILER_APPICON_NAME = AppIcon;
				ASSETCATALOG_COMPILER_LAUNCHIMAGE_NAME = "Brand Assets";
				CLANG_ENABLE_MODULE_DEBUGGING = NO;
				CODE_SIGN_IDENTITY = "iPhone Developer";
				EMBEDDED_CONTENT_CONTAINS_SWIFT = YES;
				ENABLE_STRICT_OBJC_MSGSEND = YES;
				FRAMEWORK_SEARCH_PATHS = (
					"$(inherited)",
					"$(PROJECT_DIR)",
				);
				GCC_PREFIX_HEADER = "$(SRCROOT)/LCZ_AnimationProject/LCZ.pch";
				INFOPLIST_FILE = LCZ_AnimationProject/Info.plist;
				IPHONEOS_DEPLOYMENT_TARGET = 8.0;
				LD_RUNPATH_SEARCH_PATHS = "$(inherited) @executable_path/Frameworks";
				ONLY_ACTIVE_ARCH = NO;
				PRODUCT_BUNDLE_IDENTIFIER = "lxx.adqer.com.LCZ-AnimationProject";
				PRODUCT_NAME = "$(TARGET_NAME)";
				SDKROOT = iphoneos9.2;
				TVOS_DEPLOYMENT_TARGET = 9.1;
				VALID_ARCHS = "armv7 armv7s";
			};
			name = Debug;
		};
		B5A3DDC11CB2724E006FD7D6 /* Release */ = {
			isa = XCBuildConfiguration;
			baseConfigurationReference = BC9CEA4FD538CC78D9EB1DB9 /* Pods-LCZ_AnimationProject.release.xcconfig */;
			buildSettings = {
				ASSETCATALOG_COMPILER_APPICON_NAME = AppIcon;
				ASSETCATALOG_COMPILER_LAUNCHIMAGE_NAME = "Brand Assets";
				CLANG_ENABLE_MODULE_DEBUGGING = NO;
				CODE_SIGN_IDENTITY = "iPhone Developer";
				EMBEDDED_CONTENT_CONTAINS_SWIFT = YES;
				ENABLE_STRICT_OBJC_MSGSEND = YES;
				FRAMEWORK_SEARCH_PATHS = (
					"$(inherited)",
					"$(PROJECT_DIR)",
				);
				GCC_PREFIX_HEADER = "$(SRCROOT)/LCZ_AnimationProject/LCZ.pch";
				INFOPLIST_FILE = LCZ_AnimationProject/Info.plist;
				IPHONEOS_DEPLOYMENT_TARGET = 8.0;
				LD_RUNPATH_SEARCH_PATHS = "$(inherited) @executable_path/Frameworks";
				ONLY_ACTIVE_ARCH = NO;
				PRODUCT_BUNDLE_IDENTIFIER = "lxx.adqer.com.LCZ-AnimationProject";
				PRODUCT_NAME = "$(TARGET_NAME)";
				SDKROOT = iphoneos9.2;
				TVOS_DEPLOYMENT_TARGET = 9.1;
				VALID_ARCHS = "armv7 armv7s";
			};
			name = Release;
		};
		B5A3DDC31CB2724E006FD7D6 /* Debug */ = {
			isa = XCBuildConfiguration;
			buildSettings = {
				BUNDLE_LOADER = "$(TEST_HOST)";
				INFOPLIST_FILE = LCZ_AnimationProjectTests/Info.plist;
				LD_RUNPATH_SEARCH_PATHS = "$(inherited) @executable_path/Frameworks @loader_path/Frameworks";
				PRODUCT_BUNDLE_IDENTIFIER = "lxx.adqer.com.LCZ-AnimationProjectTests";
				PRODUCT_NAME = "$(TARGET_NAME)";
				TEST_HOST = "$(BUILT_PRODUCTS_DIR)/LCZ_AnimationProject.app/LCZ_AnimationProject";
			};
			name = Debug;
		};
		B5A3DDC41CB2724E006FD7D6 /* Release */ = {
			isa = XCBuildConfiguration;
			buildSettings = {
				BUNDLE_LOADER = "$(TEST_HOST)";
				INFOPLIST_FILE = LCZ_AnimationProjectTests/Info.plist;
				LD_RUNPATH_SEARCH_PATHS = "$(inherited) @executable_path/Frameworks @loader_path/Frameworks";
				PRODUCT_BUNDLE_IDENTIFIER = "lxx.adqer.com.LCZ-AnimationProjectTests";
				PRODUCT_NAME = "$(TARGET_NAME)";
				TEST_HOST = "$(BUILT_PRODUCTS_DIR)/LCZ_AnimationProject.app/LCZ_AnimationProject";
			};
			name = Release;
		};
		B5A3DDC61CB2724E006FD7D6 /* Debug */ = {
			isa = XCBuildConfiguration;
			buildSettings = {
				INFOPLIST_FILE = LCZ_AnimationProjectUITests/Info.plist;
				LD_RUNPATH_SEARCH_PATHS = "$(inherited) @executable_path/Frameworks @loader_path/Frameworks";
				PRODUCT_BUNDLE_IDENTIFIER = "lxx.adqer.com.LCZ-AnimationProjectUITests";
				PRODUCT_NAME = "$(TARGET_NAME)";
				TEST_TARGET_NAME = LCZ_AnimationProject;
				USES_XCTRUNNER = YES;
			};
			name = Debug;
		};
		B5A3DDC71CB2724E006FD7D6 /* Release */ = {
			isa = XCBuildConfiguration;
			buildSettings = {
				INFOPLIST_FILE = LCZ_AnimationProjectUITests/Info.plist;
				LD_RUNPATH_SEARCH_PATHS = "$(inherited) @executable_path/Frameworks @loader_path/Frameworks";
				PRODUCT_BUNDLE_IDENTIFIER = "lxx.adqer.com.LCZ-AnimationProjectUITests";
				PRODUCT_NAME = "$(TARGET_NAME)";
				TEST_TARGET_NAME = LCZ_AnimationProject;
				USES_XCTRUNNER = YES;
			};
			name = Release;
		};
/* End XCBuildConfiguration section */

/* Begin XCConfigurationList section */
		B5A3DD8D1CB2724E006FD7D6 /* Build configuration list for PBXProject "LCZ_AnimationProject" */ = {
			isa = XCConfigurationList;
			buildConfigurations = (
				B5A3DDBD1CB2724E006FD7D6 /* Debug */,
				B5A3DDBE1CB2724E006FD7D6 /* Release */,
			);
			defaultConfigurationIsVisible = 0;
			defaultConfigurationName = Release;
		};
		B5A3DDBF1CB2724E006FD7D6 /* Build configuration list for PBXNativeTarget "LCZ_AnimationProject" */ = {
			isa = XCConfigurationList;
			buildConfigurations = (
				B5A3DDC01CB2724E006FD7D6 /* Debug */,
				B5A3DDC11CB2724E006FD7D6 /* Release */,
			);
			defaultConfigurationIsVisible = 0;
			defaultConfigurationName = Release;
		};
		B5A3DDC21CB2724E006FD7D6 /* Build configuration list for PBXNativeTarget "LCZ_AnimationProjectTests" */ = {
			isa = XCConfigurationList;
			buildConfigurations = (
				B5A3DDC31CB2724E006FD7D6 /* Debug */,
				B5A3DDC41CB2724E006FD7D6 /* Release */,
			);
			defaultConfigurationIsVisible = 0;
			defaultConfigurationName = Release;
		};
		B5A3DDC51CB2724E006FD7D6 /* Build configuration list for PBXNativeTarget "LCZ_AnimationProjectUITests" */ = {
			isa = XCConfigurationList;
			buildConfigurations = (
				B5A3DDC61CB2724E006FD7D6 /* Debug */,
				B5A3DDC71CB2724E006FD7D6 /* Release */,
			);
			defaultConfigurationIsVisible = 0;
			defaultConfigurationName = Release;
		};
/* End XCConfigurationList section */
	};
	rootObject = B5A3DD8A1CB2724E006FD7D6 /* Project object */;
}
